
Microsoft Visual Studio Solution File, Format Version 12.00
# Visual Studio 15
VisualStudioVersion = 15.0.28307.421
MinimumVisualStudioVersion = 10.0.40219.1
Project("{FAE04EC0-301F-11D3-BF4B-00C04F79EFBC}") = "MvcAuth", "MvcAuth\MvcAuth.csproj", "{8B838F68-6CA3-4915-8851-89C51173C991}"
EndProject
Global
	GlobalSection(SolutionConfigurationPlatforms) = preSolution
		Debug|Any CPU = Debug|Any CPU
		Release|Any CPU = Release|Any CPU
	EndGlobalSection
	GlobalSection(ProjectConfigurationPlatforms) = postSolution
		{8B838F68-6CA3-4915-8851-89C51173C991}.Debug|Any CPU.ActiveCfg = Debug|Any CPU
		{8B838F68-6CA3-4915-8851-89C51173C991}.Debug|Any CPU.Build.0 = Debug|Any CPU
		{8B838F68-6CA3-4915-8851-89C51173C991}.Release|Any CPU.ActiveCfg = Release|Any CPU
		{8B838F68-6CA3-4915-8851-89C51173C991}.Release|Any CPU.Build.0 = Release|Any CPU
	EndGlobalSection
	GlobalSection(SolutionProperties) = preSolution
		HideSolutionNode = FALSE
	EndGlobalSection
	GlobalSection(ExtensibilityGlobals) = postSolution
		SolutionGuid = {12C2A4D4-5934-4BF5-A302-B408CE2D8CEB}
	EndGlobalSection
EndGlobal
